
Microsoft Visual Studio Solution File, Format Version 12.00
# Visual Studio Version 17
VisualStudioVersion = 17.2.32630.192
MinimumVisualStudioVersion = 10.0.40219.1
Project("{9A19103F-16F7-4668-BE54-9A1E7A4F7556}") = "LeetCodeDay1Program1", "LeetCode\LeetCodeDay1Program1.csproj", "{E892D581-23B1-4304-8F4D-6349E7AD848C}"
EndProject
Project("{9A19103F-16F7-4668-BE54-9A1E7A4F7556}") = "LeetCodeDay1Program2", "LeetCodeDay1Program2\LeetCodeDay1Program2.csproj", "{05AD65CD-1357-49D0-A855-7485AD3523EF}"
EndProject
Project("{FAE04EC0-301F-11D3-BF4B-00C04F79EFBC}") = "LeetCodeDay2Program1", "LeetCodeDay2Program1\LeetCodeDay2Program1.csproj", "{36C9CDE5-E238-43B0-9676-FE1FFED5DBBD}"
EndProject
Project("{FAE04EC0-301F-11D3-BF4B-00C04F79EFBC}") = "LeetCodeDay2Program2", "LeetCodeDay2Program2\LeetCodeDay2Program2.csproj", "{B53DB8D3-E46E-4B40-86C7-CAD6AD10E07B}"
EndProject
Global
	GlobalSection(SolutionConfigurationPlatforms) = preSolution
		Debug|Any CPU = Debug|Any CPU
		Release|Any CPU = Release|Any CPU
	EndGlobalSection
	GlobalSection(ProjectConfigurationPlatforms) = postSolution
		{E892D581-23B1-4304-8F4D-6349E7AD848C}.Debug|Any CPU.ActiveCfg = Debug|Any CPU
		{E892D581-23B1-4304-8F4D-6349E7AD848C}.Debug|Any CPU.Build.0 = Debug|Any CPU
		{E892D581-23B1-4304-8F4D-6349E7AD848C}.Release|Any CPU.ActiveCfg = Release|Any CPU
		{E892D581-23B1-4304-8F4D-6349E7AD848C}.Release|Any CPU.Build.0 = Release|Any CPU
		{05AD65CD-1357-49D0-A855-7485AD3523EF}.Debug|Any CPU.ActiveCfg = Debug|Any CPU
		{05AD65CD-1357-49D0-A855-7485AD3523EF}.Debug|Any CPU.Build.0 = Debug|Any CPU
		{05AD65CD-1357-49D0-A855-7485AD3523EF}.Release|Any CPU.ActiveCfg = Release|Any CPU
		{05AD65CD-1357-49D0-A855-7485AD3523EF}.Release|Any CPU.Build.0 = Release|Any CPU
		{36C9CDE5-E238-43B0-9676-FE1FFED5DBBD}.Debug|Any CPU.ActiveCfg = Debug|Any CPU
		{36C9CDE5-E238-43B0-9676-FE1FFED5DBBD}.Debug|Any CPU.Build.0 = Debug|Any CPU
		{36C9CDE5-E238-43B0-9676-FE1FFED5DBBD}.Release|Any CPU.ActiveCfg = Release|Any CPU
		{36C9CDE5-E238-43B0-9676-FE1FFED5DBBD}.Release|Any CPU.Build.0 = Release|Any CPU
		{B53DB8D3-E46E-4B40-86C7-CAD6AD10E07B}.Debug|Any CPU.ActiveCfg = Debug|Any CPU
		{B53DB8D3-E46E-4B40-86C7-CAD6AD10E07B}.Debug|Any CPU.Build.0 = Debug|Any CPU
		{B53DB8D3-E46E-4B40-86C7-CAD6AD10E07B}.Release|Any CPU.ActiveCfg = Release|Any CPU
		{B53DB8D3-E46E-4B40-86C7-CAD6AD10E07B}.Release|Any CPU.Build.0 = Release|Any CPU
	EndGlobalSection
	GlobalSection(SolutionProperties) = preSolution
		HideSolutionNode = FALSE
	EndGlobalSection
	GlobalSection(ExtensibilityGlobals) = postSolution
		SolutionGuid = {D7A48E5D-ECF5-4EFE-9664-42510FE499F2}
	EndGlobalSection
EndGlobal
