
Microsoft Visual Studio Solution File, Format Version 12.00
# Visual Studio Version 17
VisualStudioVersion = 17.2.32630.192
MinimumVisualStudioVersion = 10.0.40219.1
Project("{9A19103F-16F7-4668-BE54-9A1E7A4F7556}") = "LeetCodeDay1Program1", "LeetCodeDay1Program1\LeetCodeDay1Program1.csproj", "{E892D581-23B1-4304-8F4D-6349E7AD848C}"
EndProject
Project("{9A19103F-16F7-4668-BE54-9A1E7A4F7556}") = "LeetCodeDay1Program2", "LeetCodeDay1Program2\LeetCodeDay1Program2.csproj", "{05AD65CD-1357-49D0-A855-7485AD3523EF}"
EndProject
Project("{9A19103F-16F7-4668-BE54-9A1E7A4F7556}") = "LeetCodeDay2Program1", "LeetCodeDay2Program1\LeetCodeDay2Program1.csproj", "{36C9CDE5-E238-43B0-9676-FE1FFED5DBBD}"
EndProject
Project("{9A19103F-16F7-4668-BE54-9A1E7A4F7556}") = "LeetCodeDay2Program2", "LeetCodeDay2Program2\LeetCodeDay2Program2.csproj", "{B53DB8D3-E46E-4B40-86C7-CAD6AD10E07B}"
EndProject
Project("{9A19103F-16F7-4668-BE54-9A1E7A4F7556}") = "LeetCodeDay5Program1", "LeetCodeDay5Program1\LeetCodeDay5Program1.csproj", "{04871458-82D6-4645-9FFB-D52705D3CD7A}"
EndProject
Project("{9A19103F-16F7-4668-BE54-9A1E7A4F7556}") = "LeetCodeDay5Program2", "LeetCodeDay5Program2\LeetCodeDay5Program2.csproj", "{980AD0A2-6909-44A9-ACFB-3860F2031F30}"
EndProject
Project("{9A19103F-16F7-4668-BE54-9A1E7A4F7556}") = "LeetCodeDay6Program1", "LeetCodeDay6Program1\LeetCodeDay6Program1.csproj", "{B3AE16F0-6A6E-4F0E-86DB-5C31F9C81F0A}"
EndProject
Project("{FAE04EC0-301F-11D3-BF4B-00C04F79EFBC}") = "LeetCodeDay6Program2", "LeetCodeDay6Program2\LeetCodeDay6Program2.csproj", "{C95C81BE-1D18-4C1F-B24B-6DABB7B4F16E}"
EndProject
Global
	GlobalSection(SolutionConfigurationPlatforms) = preSolution
		Debug|Any CPU = Debug|Any CPU
		Release|Any CPU = Release|Any CPU
	EndGlobalSection
	GlobalSection(ProjectConfigurationPlatforms) = postSolution
		{E892D581-23B1-4304-8F4D-6349E7AD848C}.Debug|Any CPU.ActiveCfg = Debug|Any CPU
		{E892D581-23B1-4304-8F4D-6349E7AD848C}.Debug|Any CPU.Build.0 = Debug|Any CPU
		{E892D581-23B1-4304-8F4D-6349E7AD848C}.Release|Any CPU.ActiveCfg = Release|Any CPU
		{E892D581-23B1-4304-8F4D-6349E7AD848C}.Release|Any CPU.Build.0 = Release|Any CPU
		{05AD65CD-1357-49D0-A855-7485AD3523EF}.Debug|Any CPU.ActiveCfg = Debug|Any CPU
		{05AD65CD-1357-49D0-A855-7485AD3523EF}.Debug|Any CPU.Build.0 = Debug|Any CPU
		{05AD65CD-1357-49D0-A855-7485AD3523EF}.Release|Any CPU.ActiveCfg = Release|Any CPU
		{05AD65CD-1357-49D0-A855-7485AD3523EF}.Release|Any CPU.Build.0 = Release|Any CPU
		{36C9CDE5-E238-43B0-9676-FE1FFED5DBBD}.Debug|Any CPU.ActiveCfg = Debug|Any CPU
		{36C9CDE5-E238-43B0-9676-FE1FFED5DBBD}.Debug|Any CPU.Build.0 = Debug|Any CPU
		{36C9CDE5-E238-43B0-9676-FE1FFED5DBBD}.Release|Any CPU.ActiveCfg = Release|Any CPU
		{36C9CDE5-E238-43B0-9676-FE1FFED5DBBD}.Release|Any CPU.Build.0 = Release|Any CPU
		{B53DB8D3-E46E-4B40-86C7-CAD6AD10E07B}.Debug|Any CPU.ActiveCfg = Debug|Any CPU
		{B53DB8D3-E46E-4B40-86C7-CAD6AD10E07B}.Debug|Any CPU.Build.0 = Debug|Any CPU
		{B53DB8D3-E46E-4B40-86C7-CAD6AD10E07B}.Release|Any CPU.ActiveCfg = Release|Any CPU
		{B53DB8D3-E46E-4B40-86C7-CAD6AD10E07B}.Release|Any CPU.Build.0 = Release|Any CPU
		{04871458-82D6-4645-9FFB-D52705D3CD7A}.Debug|Any CPU.ActiveCfg = Debug|Any CPU
		{04871458-82D6-4645-9FFB-D52705D3CD7A}.Debug|Any CPU.Build.0 = Debug|Any CPU
		{04871458-82D6-4645-9FFB-D52705D3CD7A}.Release|Any CPU.ActiveCfg = Release|Any CPU
		{04871458-82D6-4645-9FFB-D52705D3CD7A}.Release|Any CPU.Build.0 = Release|Any CPU
		{980AD0A2-6909-44A9-ACFB-3860F2031F30}.Debug|Any CPU.ActiveCfg = Debug|Any CPU
		{980AD0A2-6909-44A9-ACFB-3860F2031F30}.Debug|Any CPU.Build.0 = Debug|Any CPU
		{980AD0A2-6909-44A9-ACFB-3860F2031F30}.Release|Any CPU.ActiveCfg = Release|Any CPU
		{980AD0A2-6909-44A9-ACFB-3860F2031F30}.Release|Any CPU.Build.0 = Release|Any CPU
		{B3AE16F0-6A6E-4F0E-86DB-5C31F9C81F0A}.Debug|Any CPU.ActiveCfg = Debug|Any CPU
		{B3AE16F0-6A6E-4F0E-86DB-5C31F9C81F0A}.Debug|Any CPU.Build.0 = Debug|Any CPU
		{B3AE16F0-6A6E-4F0E-86DB-5C31F9C81F0A}.Release|Any CPU.ActiveCfg = Release|Any CPU
		{B3AE16F0-6A6E-4F0E-86DB-5C31F9C81F0A}.Release|Any CPU.Build.0 = Release|Any CPU
		{C95C81BE-1D18-4C1F-B24B-6DABB7B4F16E}.Debug|Any CPU.ActiveCfg = Debug|Any CPU
		{C95C81BE-1D18-4C1F-B24B-6DABB7B4F16E}.Debug|Any CPU.Build.0 = Debug|Any CPU
		{C95C81BE-1D18-4C1F-B24B-6DABB7B4F16E}.Release|Any CPU.ActiveCfg = Release|Any CPU
		{C95C81BE-1D18-4C1F-B24B-6DABB7B4F16E}.Release|Any CPU.Build.0 = Release|Any CPU
	EndGlobalSection
	GlobalSection(SolutionProperties) = preSolution
		HideSolutionNode = FALSE
	EndGlobalSection
	GlobalSection(ExtensibilityGlobals) = postSolution
		SolutionGuid = {D7A48E5D-ECF5-4EFE-9664-42510FE499F2}
	EndGlobalSection
EndGlobal
